// !$*UTF8*$!
{
	archiveVersion = 1;
	classes = {
	};
	objectVersion = 50;
	objects = {

/* Begin PBXBuildFile section */
		D912AECE23391539007E74C1 /* DefaultData.swift in Sources */ = {isa = PBXBuildFile; fileRef = D912AECD23391539007E74C1 /* DefaultData.swift */; };
		D93935572335353500338B93 /* Student.swift in Sources */ = {isa = PBXBuildFile; fileRef = D93935562335353500338B93 /* Student.swift */; };
		D93935592335471000338B93 /* Teacher.swift in Sources */ = {isa = PBXBuildFile; fileRef = D93935582335471000338B93 /* Teacher.swift */; };
		D939355B2335476200338B93 /* Subject.swift in Sources */ = {isa = PBXBuildFile; fileRef = D939355A2335476200338B93 /* Subject.swift */; };
		D9ACFB7023351EAF0020AAB4 /* AppDelegate.swift in Sources */ = {isa = PBXBuildFile; fileRef = D9ACFB6F23351EAF0020AAB4 /* AppDelegate.swift */; };
		D9ACFB7223351EAF0020AAB4 /* ViewController.swift in Sources */ = {isa = PBXBuildFile; fileRef = D9ACFB7123351EAF0020AAB4 /* ViewController.swift */; };
		D9ACFB7523351EAF0020AAB4 /* Main.storyboard in Resources */ = {isa = PBXBuildFile; fileRef = D9ACFB7323351EAF0020AAB4 /* Main.storyboard */; };
		D9ACFB7723351EB00020AAB4 /* Assets.xcassets in Resources */ = {isa = PBXBuildFile; fileRef = D9ACFB7623351EB00020AAB4 /* Assets.xcassets */; };
		D9ACFB7A23351EB00020AAB4 /* LaunchScreen.storyboard in Resources */ = {isa = PBXBuildFile; fileRef = D9ACFB7823351EB00020AAB4 /* LaunchScreen.storyboard */; };
		D9F4F410233BB13C00899B7D /* StudentsViewController.swift in Sources */ = {isa = PBXBuildFile; fileRef = D9F4F40F233BB13C00899B7D /* StudentsViewController.swift */; };
		D9F4F412233BD5D300899B7D /* StudentsTableViewCell.swift in Sources */ = {isa = PBXBuildFile; fileRef = D9F4F411233BD5D300899B7D /* StudentsTableViewCell.swift */; };
/* End PBXBuildFile section */

/* Begin PBXFileReference section */
		D912AECD23391539007E74C1 /* DefaultData.swift */ = {isa = PBXFileReference; lastKnownFileType = sourcecode.swift; path = DefaultData.swift; sourceTree = "<group>"; };
		D93935562335353500338B93 /* Student.swift */ = {isa = PBXFileReference; lastKnownFileType = sourcecode.swift; path = Student.swift; sourceTree = "<group>"; };
		D93935582335471000338B93 /* Teacher.swift */ = {isa = PBXFileReference; lastKnownFileType = sourcecode.swift; path = Teacher.swift; sourceTree = "<group>"; };
		D939355A2335476200338B93 /* Subject.swift */ = {isa = PBXFileReference; lastKnownFileType = sourcecode.swift; path = Subject.swift; sourceTree = "<group>"; };
		D9ACFB6C23351EAF0020AAB4 /* PrimeraApp.app */ = {isa = PBXFileReference; explicitFileType = wrapper.application; includeInIndex = 0; path = PrimeraApp.app; sourceTree = BUILT_PRODUCTS_DIR; };
		D9ACFB6F23351EAF0020AAB4 /* AppDelegate.swift */ = {isa = PBXFileReference; lastKnownFileType = sourcecode.swift; path = AppDelegate.swift; sourceTree = "<group>"; };
		D9ACFB7123351EAF0020AAB4 /* ViewController.swift */ = {isa = PBXFileReference; lastKnownFileType = sourcecode.swift; path = ViewController.swift; sourceTree = "<group>"; };
		D9ACFB7423351EAF0020AAB4 /* Base */ = {isa = PBXFileReference; lastKnownFileType = file.storyboard; name = Base; path = Base.lproj/Main.storyboard; sourceTree = "<group>"; };
		D9ACFB7623351EB00020AAB4 /* Assets.xcassets */ = {isa = PBXFileReference; lastKnownFileType = folder.assetcatalog; path = Assets.xcassets; sourceTree = "<group>"; };
		D9ACFB7923351EB00020AAB4 /* Base */ = {isa = PBXFileReference; lastKnownFileType = file.storyboard; name = Base; path = Base.lproj/LaunchScreen.storyboard; sourceTree = "<group>"; };
		D9ACFB7B23351EB00020AAB4 /* Info.plist */ = {isa = PBXFileReference; lastKnownFileType = text.plist.xml; path = Info.plist; sourceTree = "<group>"; };
		D9F4F40F233BB13C00899B7D /* StudentsViewController.swift */ = {isa = PBXFileReference; lastKnownFileType = sourcecode.swift; path = StudentsViewController.swift; sourceTree = "<group>"; };
		D9F4F411233BD5D300899B7D /* StudentsTableViewCell.swift */ = {isa = PBXFileReference; lastKnownFileType = sourcecode.swift; path = StudentsTableViewCell.swift; sourceTree = "<group>"; };
/* End PBXFileReference section */

/* Begin PBXFrameworksBuildPhase section */
		D9ACFB6923351EAF0020AAB4 /* Frameworks */ = {
			isa = PBXFrameworksBuildPhase;
			buildActionMask = 2147483647;
			files = (
			);
			runOnlyForDeploymentPostprocessing = 0;
		};
/* End PBXFrameworksBuildPhase section */

/* Begin PBXGroup section */
		D939354B23352B1A00338B93 /* App */ = {
			isa = PBXGroup;
			children = (
				D9ACFB7B23351EB00020AAB4 /* Info.plist */,
				D9ACFB6F23351EAF0020AAB4 /* AppDelegate.swift */,
			);
			path = App;
			sourceTree = "<group>";
		};
		D939354C23352B7C00338B93 /* Data */ = {
			isa = PBXGroup;
			children = (
				D9393554233532AC00338B93 /* Local */,
			);
			path = Data;
			sourceTree = "<group>";
		};
		D939354D23352B9100338B93 /* Resources */ = {
			isa = PBXGroup;
			children = (
				D9ACFB7623351EB00020AAB4 /* Assets.xcassets */,
			);
			path = Resources;
			sourceTree = "<group>";
		};
		D939354E23352BE300338B93 /* UI */ = {
			isa = PBXGroup;
			children = (
				D939354F23352BEF00338B93 /* Views */,
				D939355023352BF600338B93 /* Controllers */,
			);
			path = UI;
			sourceTree = "<group>";
		};
		D939354F23352BEF00338B93 /* Views */ = {
			isa = PBXGroup;
			children = (
				D939355323352C7000338B93 /* Storyboard */,
			);
			path = Views;
			sourceTree = "<group>";
		};
		D939355023352BF600338B93 /* Controllers */ = {
			isa = PBXGroup;
			children = (
				D9ACFB7123351EAF0020AAB4 /* ViewController.swift */,
				D9F4F40F233BB13C00899B7D /* StudentsViewController.swift */,
				D9F4F411233BD5D300899B7D /* StudentsTableViewCell.swift */,
			);
			path = Controllers;
			sourceTree = "<group>";
		};
		D939355323352C7000338B93 /* Storyboard */ = {
			isa = PBXGroup;
			children = (
				D9ACFB7323351EAF0020AAB4 /* Main.storyboard */,
				D9ACFB7823351EB00020AAB4 /* LaunchScreen.storyboard */,
			);
			path = Storyboard;
			sourceTree = "<group>";
		};
		D9393554233532AC00338B93 /* Local */ = {
			isa = PBXGroup;
			children = (
				D9393555233532BA00338B93 /* Models */,
				D912AECD23391539007E74C1 /* DefaultData.swift */,
			);
			path = Local;
			sourceTree = "<group>";
		};
		D9393555233532BA00338B93 /* Models */ = {
			isa = PBXGroup;
			children = (
				D93935562335353500338B93 /* Student.swift */,
				D93935582335471000338B93 /* Teacher.swift */,
				D939355A2335476200338B93 /* Subject.swift */,
			);
			path = Models;
			sourceTree = "<group>";
		};
		D9ACFB6323351EAF0020AAB4 = {
			isa = PBXGroup;
			children = (
				D9ACFB6E23351EAF0020AAB4 /* PrimeraApp */,
				D9ACFB6D23351EAF0020AAB4 /* Products */,
			);
			sourceTree = "<group>";
		};
		D9ACFB6D23351EAF0020AAB4 /* Products */ = {
			isa = PBXGroup;
			children = (
				D9ACFB6C23351EAF0020AAB4 /* PrimeraApp.app */,
			);
			name = Products;
			sourceTree = "<group>";
		};
		D9ACFB6E23351EAF0020AAB4 /* PrimeraApp */ = {
			isa = PBXGroup;
			children = (
				D939354B23352B1A00338B93 /* App */,
				D939354D23352B9100338B93 /* Resources */,
				D939354C23352B7C00338B93 /* Data */,
				D939354E23352BE300338B93 /* UI */,
			);
			path = PrimeraApp;
			sourceTree = "<group>";
		};
/* End PBXGroup section */

/* Begin PBXNativeTarget section */
		D9ACFB6B23351EAF0020AAB4 /* PrimeraApp */ = {
			isa = PBXNativeTarget;
			buildConfigurationList = D9ACFB7E23351EB00020AAB4 /* Build configuration list for PBXNativeTarget "PrimeraApp" */;
			buildPhases = (
				D9ACFB6823351EAF0020AAB4 /* Sources */,
				D9ACFB6923351EAF0020AAB4 /* Frameworks */,
				D9ACFB6A23351EAF0020AAB4 /* Resources */,
			);
			buildRules = (
			);
			dependencies = (
			);
			name = PrimeraApp;
			productName = PrimeraApp;
			productReference = D9ACFB6C23351EAF0020AAB4 /* PrimeraApp.app */;
			productType = "com.apple.product-type.application";
		};
/* End PBXNativeTarget section */

/* Begin PBXProject section */
		D9ACFB6423351EAF0020AAB4 /* Project object */ = {
			isa = PBXProject;
			attributes = {
				LastSwiftUpdateCheck = 1030;
				LastUpgradeCheck = 1030;
				ORGANIZATIONNAME = company;
				TargetAttributes = {
					D9ACFB6B23351EAF0020AAB4 = {
						CreatedOnToolsVersion = 10.3;
					};
				};
			};
			buildConfigurationList = D9ACFB6723351EAF0020AAB4 /* Build configuration list for PBXProject "PrimeraApp" */;
			compatibilityVersion = "Xcode 9.3";
			developmentRegion = en;
			hasScannedForEncodings = 0;
			knownRegions = (
				en,
				Base,
			);
			mainGroup = D9ACFB6323351EAF0020AAB4;
			productRefGroup = D9ACFB6D23351EAF0020AAB4 /* Products */;
			projectDirPath = "";
			projectRoot = "";
			targets = (
				D9ACFB6B23351EAF0020AAB4 /* PrimeraApp */,
			);
		};
/* End PBXProject section */

/* Begin PBXResourcesBuildPhase section */
		D9ACFB6A23351EAF0020AAB4 /* Resources */ = {
			isa = PBXResourcesBuildPhase;
			buildActionMask = 2147483647;
			files = (
				D9ACFB7A23351EB00020AAB4 /* LaunchScreen.storyboard in Resources */,
				D9ACFB7723351EB00020AAB4 /* Assets.xcassets in Resources */,
				D9ACFB7523351EAF0020AAB4 /* Main.storyboard in Resources */,
			);
			runOnlyForDeploymentPostprocessing = 0;
		};
/* End PBXResourcesBuildPhase section */

/* Begin PBXSourcesBuildPhase section */
		D9ACFB6823351EAF0020AAB4 /* Sources */ = {
			isa = PBXSourcesBuildPhase;
			buildActionMask = 2147483647;
			files = (
				D93935592335471000338B93 /* Teacher.swift in Sources */,
				D939355B2335476200338B93 /* Subject.swift in Sources */,
				D9ACFB7223351EAF0020AAB4 /* ViewController.swift in Sources */,
				D9F4F412233BD5D300899B7D /* StudentsTableViewCell.swift in Sources */,
				D912AECE23391539007E74C1 /* DefaultData.swift in Sources */,
				D93935572335353500338B93 /* Student.swift in Sources */,
				D9F4F410233BB13C00899B7D /* StudentsViewController.swift in Sources */,
				D9ACFB7023351EAF0020AAB4 /* AppDelegate.swift in Sources */,
			);
			runOnlyForDeploymentPostprocessing = 0;
		};
/* End PBXSourcesBuildPhase section */

/* Begin PBXVariantGroup section */
		D9ACFB7323351EAF0020AAB4 /* Main.storyboard */ = {
			isa = PBXVariantGroup;
			children = (
				D9ACFB7423351EAF0020AAB4 /* Base */,
			);
			name = Main.storyboard;
			sourceTree = "<group>";
		};
		D9ACFB7823351EB00020AAB4 /* LaunchScreen.storyboard */ = {
			isa = PBXVariantGroup;
			children = (
				D9ACFB7923351EB00020AAB4 /* Base */,
			);
			name = LaunchScreen.storyboard;
			sourceTree = "<group>";
		};
/* End PBXVariantGroup section */

/* Begin XCBuildConfiguration section */
		D9ACFB7C23351EB00020AAB4 /* Debug */ = {
			isa = XCBuildConfiguration;
			buildSettings = {
				ALWAYS_SEARCH_USER_PATHS = NO;
				CLANG_ANALYZER_NONNULL = YES;
				CLANG_ANALYZER_NUMBER_OBJECT_CONVERSION = YES_AGGRESSIVE;
				CLANG_CXX_LANGUAGE_STANDARD = "gnu++14";
				CLANG_CXX_LIBRARY = "libc++";
				CLANG_ENABLE_MODULES = YES;
				CLANG_ENABLE_OBJC_ARC = YES;
				CLANG_ENABLE_OBJC_WEAK = YES;
				CLANG_WARN_BLOCK_CAPTURE_AUTORELEASING = YES;
				CLANG_WARN_BOOL_CONVERSION = YES;
				CLANG_WARN_COMMA = YES;
				CLANG_WARN_CONSTANT_CONVERSION = YES;
				CLANG_WARN_DEPRECATED_OBJC_IMPLEMENTATIONS = YES;
				CLANG_WARN_DIRECT_OBJC_ISA_USAGE = YES_ERROR;
				CLANG_WARN_DOCUMENTATION_COMMENTS = YES;
				CLANG_WARN_EMPTY_BODY = YES;
				CLANG_WARN_ENUM_CONVERSION = YES;
				CLANG_WARN_INFINITE_RECURSION = YES;
				CLANG_WARN_INT_CONVERSION = YES;
				CLANG_WARN_NON_LITERAL_NULL_CONVERSION = YES;
				CLANG_WARN_OBJC_IMPLICIT_RETAIN_SELF = YES;
				CLANG_WARN_OBJC_LITERAL_CONVERSION = YES;
				CLANG_WARN_OBJC_ROOT_CLASS = YES_ERROR;
				CLANG_WARN_RANGE_LOOP_ANALYSIS = YES;
				CLANG_WARN_STRICT_PROTOTYPES = YES;
				CLANG_WARN_SUSPICIOUS_MOVE = YES;
				CLANG_WARN_UNGUARDED_AVAILABILITY = YES_AGGRESSIVE;
				CLANG_WARN_UNREACHABLE_CODE = YES;
				CLANG_WARN__DUPLICATE_METHOD_MATCH = YES;
				CODE_SIGN_IDENTITY = "iPhone Developer";
				COPY_PHASE_STRIP = NO;
				DEBUG_INFORMATION_FORMAT = dwarf;
				ENABLE_STRICT_OBJC_MSGSEND = YES;
				ENABLE_TESTABILITY = YES;
				GCC_C_LANGUAGE_STANDARD = gnu11;
				GCC_DYNAMIC_NO_PIC = NO;
				GCC_NO_COMMON_BLOCKS = YES;
				GCC_OPTIMIZATION_LEVEL = 0;
				GCC_PREPROCESSOR_DEFINITIONS = (
					"DEBUG=1",
					"$(inherited)",
				);
				GCC_WARN_64_TO_32_BIT_CONVERSION = YES;
				GCC_WARN_ABOUT_RETURN_TYPE = YES_ERROR;
				GCC_WARN_UNDECLARED_SELECTOR = YES;
				GCC_WARN_UNINITIALIZED_AUTOS = YES_AGGRESSIVE;
				GCC_WARN_UNUSED_FUNCTION = YES;
				GCC_WARN_UNUSED_VARIABLE = YES;
				IPHONEOS_DEPLOYMENT_TARGET = 11.0;
				MTL_ENABLE_DEBUG_INFO = INCLUDE_SOURCE;
				MTL_FAST_MATH = YES;
				ONLY_ACTIVE_ARCH = YES;
				SDKROOT = iphoneos;
				SWIFT_ACTIVE_COMPILATION_CONDITIONS = DEBUG;
				SWIFT_OPTIMIZATION_LEVEL = "-Onone";
			};
			name = Debug;
		};
		D9ACFB7D23351EB00020AAB4 /* Release */ = {
			isa = XCBuildConfiguration;
			buildSettings = {
				ALWAYS_SEARCH_USER_PATHS = NO;
				CLANG_ANALYZER_NONNULL = YES;
				CLANG_ANALYZER_NUMBER_OBJECT_CONVERSION = YES_AGGRESSIVE;
				CLANG_CXX_LANGUAGE_STANDARD = "gnu++14";
				CLANG_CXX_LIBRARY = "libc++";
				CLANG_ENABLE_MODULES = YES;
				CLANG_ENABLE_OBJC_ARC = YES;
				CLANG_ENABLE_OBJC_WEAK = YES;
				CLANG_WARN_BLOCK_CAPTURE_AUTORELEASING = YES;
				CLANG_WARN_BOOL_CONVERSION = YES;
				CLANG_WARN_COMMA = YES;
				CLANG_WARN_CONSTANT_CONVERSION = YES;
				CLANG_WARN_DEPRECATED_OBJC_IMPLEMENTATIONS = YES;
				CLANG_WARN_DIRECT_OBJC_ISA_USAGE = YES_ERROR;
				CLANG_WARN_DOCUMENTATION_COMMENTS = YES;
				CLANG_WARN_EMPTY_BODY = YES;
				CLANG_WARN_ENUM_CONVERSION = YES;
				CLANG_WARN_INFINITE_RECURSION = YES;
				CLANG_WARN_INT_CONVERSION = YES;
				CLANG_WARN_NON_LITERAL_NULL_CONVERSION = YES;
				CLANG_WARN_OBJC_IMPLICIT_RETAIN_SELF = YES;
				CLANG_WARN_OBJC_LITERAL_CONVERSION = YES;
				CLANG_WARN_OBJC_ROOT_CLASS = YES_ERROR;
				CLANG_WARN_RANGE_LOOP_ANALYSIS = YES;
				CLANG_WARN_STRICT_PROTOTYPES = YES;
				CLANG_WARN_SUSPICIOUS_MOVE = YES;
				CLANG_WARN_UNGUARDED_AVAILABILITY = YES_AGGRESSIVE;
				CLANG_WARN_UNREACHABLE_CODE = YES;
				CLANG_WARN__DUPLICATE_METHOD_MATCH = YES;
				CODE_SIGN_IDENTITY = "iPhone Developer";
				COPY_PHASE_STRIP = NO;
				DEBUG_INFORMATION_FORMAT = "dwarf-with-dsym";
				ENABLE_NS_ASSERTIONS = NO;
				ENABLE_STRICT_OBJC_MSGSEND = YES;
				GCC_C_LANGUAGE_STANDARD = gnu11;
				GCC_NO_COMMON_BLOCKS = YES;
				GCC_WARN_64_TO_32_BIT_CONVERSION = YES;
				GCC_WARN_ABOUT_RETURN_TYPE = YES_ERROR;
				GCC_WARN_UNDECLARED_SELECTOR = YES;
				GCC_WARN_UNINITIALIZED_AUTOS = YES_AGGRESSIVE;
				GCC_WARN_UNUSED_FUNCTION = YES;
				GCC_WARN_UNUSED_VARIABLE = YES;
				IPHONEOS_DEPLOYMENT_TARGET = 11.0;
				MTL_ENABLE_DEBUG_INFO = NO;
				MTL_FAST_MATH = YES;
				SDKROOT = iphoneos;
				SWIFT_COMPILATION_MODE = wholemodule;
				SWIFT_OPTIMIZATION_LEVEL = "-O";
				VALIDATE_PRODUCT = YES;
			};
			name = Release;
		};
		D9ACFB7F23351EB00020AAB4 /* Debug */ = {
			isa = XCBuildConfiguration;
			buildSettings = {
				ASSETCATALOG_COMPILER_APPICON_NAME = AppIcon;
				CODE_SIGN_STYLE = Automatic;
				INFOPLIST_FILE = "$(SRCROOT)/PrimeraApp/App/Info.plist";
				LD_RUNPATH_SEARCH_PATHS = (
					"$(inherited)",
					"@executable_path/Frameworks",
				);
				PRODUCT_BUNDLE_IDENTIFIER = com.company.PrimeraApp;
				PRODUCT_NAME = "$(TARGET_NAME)";
				SWIFT_VERSION = 5.0;
				TARGETED_DEVICE_FAMILY = "1,2";
			};
			name = Debug;
		};
		D9ACFB8023351EB00020AAB4 /* Release */ = {
			isa = XCBuildConfiguration;
			buildSettings = {
				ASSETCATALOG_COMPILER_APPICON_NAME = AppIcon;
				CODE_SIGN_STYLE = Automatic;
				INFOPLIST_FILE = "$(SRCROOT)/PrimeraApp/App/Info.plist";
				LD_RUNPATH_SEARCH_PATHS = (
					"$(inherited)",
					"@executable_path/Frameworks",
				);
				PRODUCT_BUNDLE_IDENTIFIER = com.company.PrimeraApp;
				PRODUCT_NAME = "$(TARGET_NAME)";
				SWIFT_VERSION = 5.0;
				TARGETED_DEVICE_FAMILY = "1,2";
			};
			name = Release;
		};
/* End XCBuildConfiguration section */

/* Begin XCConfigurationList section */
		D9ACFB6723351EAF0020AAB4 /* Build configuration list for PBXProject "PrimeraApp" */ = {
			isa = XCConfigurationList;
			buildConfigurations = (
				D9ACFB7C23351EB00020AAB4 /* Debug */,
				D9ACFB7D23351EB00020AAB4 /* Release */,
			);
			defaultConfigurationIsVisible = 0;
			defaultConfigurationName = Release;
		};
		D9ACFB7E23351EB00020AAB4 /* Build configuration list for PBXNativeTarget "PrimeraApp" */ = {
			isa = XCConfigurationList;
			buildConfigurations = (
				D9ACFB7F23351EB00020AAB4 /* Debug */,
				D9ACFB8023351EB00020AAB4 /* Release */,
			);
			defaultConfigurationIsVisible = 0;
			defaultConfigurationName = Release;
		};
/* End XCConfigurationList section */
	};
	rootObject = D9ACFB6423351EAF0020AAB4 /* Project object */;
}
